{
  "name": "lib",
  "version": "1.0.0",
  "lockfileVersion": 1,
  "requires": true,
  "dependencies": {
    "amdefine": {
      "version": "1.0.1",
      "resolved": "http://registry.npm.taobao.org/amdefine/download/amdefine-1.0.1.tgz",
      "integrity": "sha1-SlKCrBZHKek2Gbz9OtFR+BfOkfU="
    },
    "atob": {
      "version": "1.1.3",
      "resolved": "http://registry.npm.taobao.org/atob/download/atob-1.1.3.tgz",
      "integrity": "sha1-lfE2KbEsOlGl0hWr3OKqnzL4B3M="
    },
    "balanced-match": {
      "version": "1.0.0",
      "resolved": "http://registry.npm.taobao.org/balanced-match/download/balanced-match-1.0.0.tgz",
      "integrity": "sha1-ibTRmasr7kneFk6gK4nORi1xt2c="
    },
    "bluebird": {
      "version": "3.5.1",
      "resolved": "http://registry.npm.taobao.org/bluebird/download/bluebird-3.5.1.tgz",
      "integrity": "sha1-2VUfnemPH82h5oPRfukaBgLuLrk="
    },
    "brace-expansion": {
      "version": "1.1.8",
      "resolved": "http://registry.npm.taobao.org/brace-expansion/download/brace-expansion-1.1.8.tgz",
      "integrity": "sha1-wHshHHyVLsH479Uad+8NHTmQopI=",
      "requires": {
        "balanced-match": "1.0.0",
        "concat-map": "0.0.1"
      }
    },
    "co": {
      "version": "4.6.0",
      "resolved": "http://registry.npm.taobao.org/co/download/co-4.6.0.tgz",
      "integrity": "sha1-bqa989hTrlTMuOR7+gvz+QMfsYQ="
    },
    "concat-map": {
      "version": "0.0.1",
      "resolved": "http://registry.npm.taobao.org/concat-map/download/concat-map-0.0.1.tgz",
      "integrity": "sha1-2Klr13/Wjfd5OnMDajug1UBdR3s="
    },
    "css": {
      "version": "2.2.1",
      "resolved": "http://registry.npm.taobao.org/css/download/css-2.2.1.tgz",
      "integrity": "sha1-c6TIHehdtmTU7mdPfUcIXjstVdw=",
      "requires": {
        "inherits": "2.0.3",
        "source-map": "0.1.43",
        "source-map-resolve": "0.3.1",
        "urix": "0.1.0"
      }
    },
    "inherits": {
      "version": "2.0.3",
      "resolved": "http://registry.npm.taobao.org/inherits/download/inherits-2.0.3.tgz",
      "integrity": "sha1-Yzwsg+PaQqUC9SRmAiSA9CCCYd4="
    },
    "mime": {
      "version": "2.0.3",
      "resolved": "http://registry.npm.taobao.org/mime/download/mime-2.0.3.tgz",
      "integrity": "sha1-Q1MzeFR0fEjqSYMw3ANPn0u7zAs="
    },
    "minimatch": {
      "version": "3.0.4",
      "resolved": "http://registry.npm.taobao.org/minimatch/download/minimatch-3.0.4.tgz",
      "integrity": "sha1-UWbihkV/AzBgZL5Ul+jbsMPTIIM=",
      "requires": {
        "brace-expansion": "1.1.8"
      }
    },
    "mkdirp": {
      "version": "0.5.1",
      "resolved": "http://registry.npm.taobao.org/mkdirp/download/mkdirp-0.5.1.tgz",
      "integrity": "sha1-MAV0OOrGz3+MR2fzhkjWaX11yQM=",
      "requires": {
        "minimist": "0.0.8"
      },
      "dependencies": {
        "minimist": {
          "version": "0.0.8",
          "resolved": "http://registry.npm.taobao.org/minimist/download/minimist-0.0.8.tgz",
          "integrity": "sha1-hX/Kv8M5fSYluCKCYuhqp6ARsF0="
        }
      }
    },
    "node-dir": {
      "version": "0.1.17",
      "resolved": "http://registry.npm.taobao.org/node-dir/download/node-dir-0.1.17.tgz",
      "integrity": "sha1-X1Zl2TNRM1yqvvjxxVRRbPXx5OU=",
      "requires": {
        "minimatch": "3.0.4"
      }
    },
    "promise-nodeify": {
      "version": "1.0.1",
      "resolved": "http://registry.npm.taobao.org/promise-nodeify/download/promise-nodeify-1.0.1.tgz",
      "integrity": "sha1-BeeMzhYvkwId0oXGba3Ditqq44w="
    },
    "proxying-agent": {
      "version": "2.1.2",
      "resolved": "http://registry.npm.taobao.org/proxying-agent/download/proxying-agent-2.1.2.tgz",
      "integrity": "sha1-vWa18Plncl4xwPGzillMYi9V/SY="
    },
    "resolve-url": {
      "version": "0.2.1",
      "resolved": "http://registry.npm.taobao.org/resolve-url/download/resolve-url-0.2.1.tgz",
      "integrity": "sha1-LGN/53yJOv0qZj/iGqkIAGjiBSo="
    },
    "source-map": {
      "version": "0.1.43",
      "resolved": "http://registry.npm.taobao.org/source-map/download/source-map-0.1.43.tgz",
      "integrity": "sha1-wkvBRspRfBRx9drL4lcbK3+eM0Y=",
      "requires": {
        "amdefine": "1.0.1"
      }
    },
    "source-map-resolve": {
      "version": "0.3.1",
      "resolved": "http://registry.npm.taobao.org/source-map-resolve/download/source-map-resolve-0.3.1.tgz",
      "integrity": "sha1-YQ9hIqRFuN1RU1oqcbeD38Ekh2E=",
      "requires": {
        "atob": "1.1.3",
        "resolve-url": "0.2.1",
        "source-map-url": "0.3.0",
        "urix": "0.1.0"
      }
    },
    "source-map-url": {
      "version": "0.3.0",
      "resolved": "http://registry.npm.taobao.org/source-map-url/download/source-map-url-0.3.0.tgz",
      "integrity": "sha1-fsrxO1e80J2opAxdJp2zN5nUqvk="
    },
    "tinify": {
      "version": "1.5.0",
      "resolved": "http://registry.npm.taobao.org/tinify/download/tinify-1.5.0.tgz",
      "integrity": "sha1-a6LqfognyEXSY947RvTbe61VWSA=",
      "requires": {
        "promise-nodeify": "1.0.1",
        "proxying-agent": "2.1.2"
      }
    },
    "urix": {
      "version": "0.1.0",
      "resolved": "http://registry.npm.taobao.org/urix/download/urix-0.1.0.tgz",
      "integrity": "sha1-2pN/emLiH+wf0Y1Js1wpNQZ6bHI="
    }
  }
}
